{
    "_meta": {
        "hash": {
            "sha256": "e14fd52502eeabcaec3bd74a3665a3c90bd18c7e5f2c3dc81475cb4584ccd148"
        },
        "pipfile-spec": 6,
        "requires": {
            "python_version": "3.6"
        },
        "sources": [
            {
                "name": "pypi",
                "url": "https://pypi.python.org/simple",
                "verify_ssl": true
            }
        ]
    },
    "default": {
        "affine": {
            "hashes": [
                "sha256:2e045def1aa29e613c42e801a7e10e0b9bacfed1a7c6af0cadf8843530a15102",
                "sha256:34b05b070d954c382e56f02c207a372d8a32621a87653cc30cdd31cd7f65799f"
            ],
            "version": "==2.3.0"
        },
        "aiohttp": {
            "hashes": [
                "sha256:1a3cee4cd10de0ce6c37d7a35f437baa70ca87272a0ccd3d3e1a0383de2f189a",
                "sha256:25983293a073ae530bd4027fb82a9f16fcfe48335873582946d2dc3ed64337f0",
                "sha256:33630a2dc90fee1e05bd1b57cde51d65b571c61494a1a91772c8bc0896acb5c8",
                "sha256:390c1a2c7799519b3755a6e3f660842c3b1544e92a10ecd309ea97ce5c8c713d",
                "sha256:52fcb205ab8a43ddaf182c928f84e998a02213139b2b2636a26249569d9518bd",
                "sha256:5c5de2bc5004c2c60e5f256978ad711c1fb4dca00890ac7884ed92c6aa520608",
                "sha256:65b61cec34628c5a2e047f93555d93c29f4e29169839b421f62206b9f317f7ae",
                "sha256:98f0172f7760597b636431b7651f020b8dba6a816b2d7e263afa54a4f2f4d0a6",
                "sha256:9fcef0489e3335b200d31a9c1fb6ba80fdafe14cd82b971168c2f9fa1e4508ad",
                "sha256:aeb5f0ef22896122fa5a84bf37202d3f6ee2404f12176608259bc408509f4883",
                "sha256:b03578ad3f5ba6fa8b8614bd3628c4c33de92bd23af95ebd8f4de66bac35d3d8",
                "sha256:bc50ec0dd5887844653ce5d2dd5dab93fd2e2af44d4be65d6d5306fb4039f2bf",
                "sha256:c7a55a2bf7433ddf753ed46cf5a733c787524a41b933799541075dd8db9ead1b",
                "sha256:f883507d537a838d496755a14a41f2c34c7af5f39d7627e15d6b2a27578705b7",
                "sha256:feb271ced50b689b2e4d969a5bfb0a1cfd0cc05dd11cdde4e42d93e009e0b900"
            ],
            "index": "pypi",
            "version": "==3.1.3"
        },
        "amqp": {
            "hashes": [
                "sha256:70cdb10628468ff14e57ec2f751c7aa9e48e7e3651cfd62d431213c0c4e58f21",
                "sha256:aa7f313fb887c91f15474c1229907a04dac0b8135822d6603437803424c0aa59"
            ],
            "markers": "python_version >= '2.7' and python_version not in '3.0, 3.1, 3.2, 3.3, 3.4'",
            "version": "==2.6.1"
        },
        "async-timeout": {
            "hashes": [
                "sha256:00cff4d2dce744607335cba84e9929c3165632da2d27970dbc55802a0c7873d0",
                "sha256:9093db5b8ddbe4b8f6885d1a6e0ad84ae3155464cbf6877c387605244c285f3c"
            ],
            "version": "==2.0.1"
        },
        "attrs": {
            "hashes": [
                "sha256:08a96c641c3a74e44eb59afb61a24f2cb9f4d7188748e76ba4bb5edfa3cb7d1c",
                "sha256:f7b7ce16570fe9965acd6d30101a28f62fb4a7f9e926b3bbc9b61f8b04247e72"
            ],
            "markers": "python_version >= '2.7' and python_version not in '3.0, 3.1, 3.2, 3.3'",
            "version": "==19.3.0"
        },
        "billiard": {
            "hashes": [
                "sha256:bff575450859a6e0fbc2f9877d9b715b0bbc07c3565bb7ed2280526a0cdf5ede",
                "sha256:d91725ce6425f33a97dfa72fb6bfef0e47d4652acd98a032bd1a7fbf06d5fa6a"
            ],
            "version": "==3.6.3.0"
        },
        "cairocffi": {
            "hashes": [
                "sha256:f1c0c5878f74ac9ccb5d48b2601fcc75390c881ce476e79f4cfedd288b1b05db"
            ],
            "markers": "python_version >= '3.5'",
            "version": "==1.1.0"
        },
        "cairosvg": {
            "hashes": [
                "sha256:4e668f96653326780036ebb0a9ff2bb59a8443d7bcfc51a14aab77b57a8e67ad",
                "sha256:9cb1df7e9bc60f75fb87f67940a8fb805aad544337a67a40b67c05cfe33711a2"
            ],
            "markers": "python_version >= '3.0'",
            "version": "==2.4.2"
        },
        "celery": {
            "hashes": [
                "sha256:a92e1d56e650781fb747032a3997d16236d037c8199eacd5217d1a72893bca45",
                "sha256:d220b13a8ed57c78149acf82c006785356071844afe0b27012a4991d44026f9f"
            ],
            "markers": "python_version >= '2.7' and python_version not in '3.0, 3.1, 3.2, 3.3, 3.4'",
            "version": "==4.4.7"
        },
        "certifi": {
            "hashes": [
                "sha256:5930595817496dd21bb8dc35dad090f1c2cd0adfaf21204bf6732ca5d8ee34d3",
                "sha256:8fc0819f1f30ba15bdb34cceffb9ef04d99f420f68eb75d901e9560b8749fc41"
            ],
            "version": "==2020.6.20"
        },
        "cffi": {
            "hashes": [
                "sha256:267adcf6e68d77ba154334a3e4fc921b8e63cbb38ca00d33d40655d4228502bc",
                "sha256:26f33e8f6a70c255767e3c3f957ccafc7f1f706b966e110b855bfe944511f1f9",
                "sha256:3cd2c044517f38d1b577f05927fb9729d3396f1d44d0c659a445599e79519792",
                "sha256:4a03416915b82b81af5502459a8a9dd62a3c299b295dcdf470877cb948d655f2",
                "sha256:4ce1e995aeecf7cc32380bc11598bfdfa017d592259d5da00fc7ded11e61d022",
                "sha256:4f53e4128c81ca3212ff4cf097c797ab44646a40b42ec02a891155cd7a2ba4d8",
                "sha256:4fa72a52a906425416f41738728268072d5acfd48cbe7796af07a923236bcf96",
                "sha256:66dd45eb9530e3dde8f7c009f84568bc7cac489b93d04ac86e3111fb46e470c2",
                "sha256:6923d077d9ae9e8bacbdb1c07ae78405a9306c8fd1af13bfa06ca891095eb995",
                "sha256:833401b15de1bb92791d7b6fb353d4af60dc688eaa521bd97203dcd2d124a7c1",
                "sha256:8416ed88ddc057bab0526d4e4e9f3660f614ac2394b5e019a628cdfff3733849",
                "sha256:892daa86384994fdf4856cb43c93f40cbe80f7f95bb5da94971b39c7f54b3a9c",
                "sha256:98be759efdb5e5fa161e46d404f4e0ce388e72fbf7d9baf010aff16689e22abe",
                "sha256:a6d28e7f14ecf3b2ad67c4f106841218c8ab12a0683b1528534a6c87d2307af3",
                "sha256:b1d6ebc891607e71fd9da71688fcf332a6630b7f5b7f5549e6e631821c0e5d90",
                "sha256:b2a2b0d276a136146e012154baefaea2758ef1f56ae9f4e01c612b0831e0bd2f",
                "sha256:b87dfa9f10a470eee7f24234a37d1d5f51e5f5fa9eeffda7c282e2b8f5162eb1",
                "sha256:bac0d6f7728a9cc3c1e06d4fcbac12aaa70e9379b3025b27ec1226f0e2d404cf",
                "sha256:c991112622baee0ae4d55c008380c32ecfd0ad417bcd0417ba432e6ba7328caa",
                "sha256:cda422d54ee7905bfc53ee6915ab68fe7b230cacf581110df4272ee10462aadc",
                "sha256:d3148b6ba3923c5850ea197a91a42683f946dba7e8eb82dfa211ab7e708de939",
                "sha256:d6033b4ffa34ef70f0b8086fd4c3df4bf801fee485a8a7d4519399818351aa8e",
                "sha256:ddff0b2bd7edcc8c82d1adde6dbbf5e60d57ce985402541cd2985c27f7bec2a0",
                "sha256:e23cb7f1d8e0f93addf0cae3c5b6f00324cccb4a7949ee558d7b6ca973ab8ae9",
                "sha256:effd2ba52cee4ceff1a77f20d2a9f9bf8d50353c854a282b8760ac15b9833168",
                "sha256:f90c2267101010de42f7273c94a1f026e56cbc043f9330acd8a80e64300aba33",
                "sha256:f960375e9823ae6a07072ff7f8a85954e5a6434f97869f50d0e41649a1c8144f",
                "sha256:fcf32bf76dc25e30ed793145a57426064520890d7c02866eb93d3e4abe516948"
            ],
            "version": "==1.14.1"
        },
        "cftime": {
            "hashes": [
                "sha256:08bc1af49f92a31b8b58a4d8b61bf457e17832eb3440eac7eec79afca7d0be59",
                "sha256:1381b4ba9e53e932472a7da574d8553477d15aa8bc647425cb0110db4f4dfdac",
                "sha256:33b5180650a4aace7ce021af4af0f278477be94276da7b7c8ae51b49e5a022a9",
                "sha256:3c23e4b0109ff7b878fc60d7ed9131bdc8c2c8ea098c2f9200e19c596ffe0019",
                "sha256:5ddbc9514719e6b964cd9fd5f306679af09f53f8f6792888d62448b1b6d764d9",
                "sha256:650e3ca771f6b6e9d6984af007c1045eb77eae40f9342e2982a45162a097cac5",
                "sha256:7a2b0a3821071560d2ae01236215be6dd7bfa81328823ec602f37496aeea35d0",
                "sha256:7cb8defe607da8cacbd4ebb3b983571732b0476be98decda37595ae49108797f",
                "sha256:8390ea907988b11a93fa263365ca6a4ea829378b1e24e48b1087803d6bb6089c",
                "sha256:ab5d5076f7d3e699758a244ada7c66da96bae36e22b9e351ce0ececc36f0a57f",
                "sha256:b4bb4ae6c6e44f4d8bc080042515e70423bec20f5279e49b564c0238dc4319ad",
                "sha256:b694aead858872b7102f860d00439147df1d867ea8fbaafe0be787f7fa59c264",
                "sha256:bf797e0c71631406a19fe2a69ff311cb9be10610c30e02f7f75920e779076840",
                "sha256:d6bf1c1954660a500d11ca047151205182212dfaa20b2eb0c6dfe372140868fc",
                "sha256:eba48c7e47468f16cb1c8caf6ce772e39d067100e3893b94cf7dd394ec23d943",
                "sha256:fec04d3bed7078f1a62db7dab12790b96eb3b48e3522ad0c28c9d36175b99f89"
            ],
            "version": "==1.2.1"
        },
        "chardet": {
            "hashes": [
                "sha256:84ab92ed1c4d4f16916e05906b6b75a6c0fb5db821cc65e70cbd64a3e2a5eaae",
                "sha256:fc323ffcaeaed0e0a02bf4d117757b98aed530d9ed4531e3e15460124c106691"
            ],
            "version": "==3.0.4"
        },
        "click": {
            "hashes": [
                "sha256:d2b5255c7c6349bc1bd1e59e08cd12acbbd63ce649f2588755783aa94dfb6b1a",
                "sha256:dacca89f4bfadd5de3d7489b7c8a566eee0d3676333fbb50030263894c38c0dc"
            ],
            "markers": "python_version >= '2.7' and python_version not in '3.0, 3.1, 3.2, 3.3, 3.4'",
            "version": "==7.1.2"
        },
        "click-plugins": {
            "hashes": [
                "sha256:46ab999744a9d831159c3411bb0c79346d94a444df9a3a3742e9ed63645f264b",
                "sha256:5d262006d3222f5057fd81e1623d4443e41dcda5dc815c06b442aa3c02889fc8"
            ],
            "version": "==1.1.1"
        },
        "cligj": {
            "hashes": [
                "sha256:20f24ce9abfde3f758aec3399e6811b936b6772f360846c662c19bf5537b4f14",
                "sha256:60c93dda4499562eb87509a8ff3535a7441053b766c9c26bcf874a732f939c7c",
                "sha256:6c7d52d529a78712491974f975c33473f430c0f7beb18c0d7a402a743dcb460a"
            ],
            "version": "==0.5.0"
        },
        "cssselect2": {
            "hashes": [
                "sha256:5c2716f06b5de93f701d5755a9666f2ee22cbcd8b4da8adddfc30095ffea3abc",
                "sha256:97d7d4234f846f9996d838964d38e13b45541c18143bc55cf00e4bc1281ace76"
            ],
            "markers": "python_version >= '3.5'",
            "version": "==0.3.0"
        },
        "defusedxml": {
            "hashes": [
                "sha256:6687150770438374ab581bb7a1b327a847dd9c5749e396102de3fad4e8a3ef93",
                "sha256:f684034d135af4c6cbb949b8a4d2ed61634515257a67299e5f940fbaa34377f5"
            ],
            "markers": "python_version >= '2.7' and python_version not in '3.0, 3.1, 3.2, 3.3, 3.4'",
            "version": "==0.6.0"
        },
        "django": {
            "hashes": [
                "sha256:014e3392058d94f40569206a24523ce254d55ad2f9f46c6550b0fe2e4f94cf3f",
                "sha256:4200aefb6678019a0acf0005cd14cfce3a5e6b9b90d06145fcdd2e474ad4329c"
            ],
            "index": "pypi",
            "version": "==1.11.29"
        },
        "django-celery-results": {
            "hashes": [
                "sha256:a29ab580f0e38c66c39f51cc426bbdbb2a391b8cc0867df9dea748db2c961db2",
                "sha256:e390f70cc43bbc2cd7c8e4607dc29ab6211a2ab968f93677583f0160921f670c"
            ],
            "index": "pypi",
            "version": "==1.2.1"
        },
        "django-tastypie": {
            "hashes": [
                "sha256:79fbadf81a3cc42cb5304731a88f46c207ae4c8efa7556856356ec916e5b2ec7"
            ],
            "version": "==0.14.3"
        },
        "django-webpack-loader": {
            "hashes": [
                "sha256:60bab6b9a037a5346fad12d2a70a6bc046afb33154cf75ed640b93d3ebd5f520",
                "sha256:970b968c2a8975fb7eff56a3bab5d0d90d396740852d1e0c50c5cfe2b824199a"
            ],
            "index": "pypi",
            "version": "==0.6.0"
        },
        "djangorestframework": {
            "hashes": [
                "sha256:b6714c3e4b0f8d524f193c91ecf5f5450092c2145439ac2769711f7eba89a9d9",
                "sha256:c375e4f95a3a64fccac412e36fb42ba36881e52313ec021ef410b40f67cddca4"
            ],
            "index": "pypi",
            "version": "==3.8.2"
        },
        "fiona": {
            "hashes": [
                "sha256:1a432bf9fd56f089256c010da009c90d4a795c531a848132c965052185336600",
                "sha256:1c9c6e883e82298293042f7b7f51a5680f50d5a3bb1a61ad179b2d5f7f4d6952",
                "sha256:3c236a8f9ddfc23ac746f4988526cbed73b43f8f86613a0001c62feb415daadc",
                "sha256:6d30d755e9041a3380d85c1b2e09003f657c03a749fb02a3d36b191296f57f5d",
                "sha256:6d6200a64f0f6fad431a767dd2da62706bf9f683be77bb157b6d0459bb263b7f",
                "sha256:7598ed3ce7a88941a2eab5ffa90b39f8f44113355c39abcbda6920eecdba26b4",
                "sha256:781d29c21714da4c1c0f118b56bef936a1a935fead8878c22ab57a0d3875e412",
                "sha256:79c3b80e00c9d055d20aead5d74319f54cdd1384e0d9e1a9e67446da2d74d89c",
                "sha256:923a64bded457adee795b4f926b8cbb87d58bbafaabded77bc1d47abb2bba5c6",
                "sha256:b8ad562b77c76dbff5a9298e1032c87714f079fc80752ca7c9c85edef52039aa",
                "sha256:c6e99bf596c2322e134833490611a612a8cce35a39c4c6499b7df919e24b482b"
            ],
            "version": "==1.8.13.post1"
        },
        "gdal": {
            "hashes": [
                "sha256:7cc793b62f375612415ab7c10d10d45f727d42c39bf6ea51eb4b82f0c996e1e6"
            ],
            "index": "pypi",
            "version": "==2.2.4"
        },
        "geographiclib": {
            "hashes": [
                "sha256:12bd46ee7ec25b291ea139b17aa991e7ef373e21abd053949b75c0e9ca55c632",
                "sha256:51cfa698e7183792bce27d8fb63ac8e83689cd8170a730bf35e1a5c5bf8849b9"
            ],
            "version": "==1.50"
        },
        "geopy": {
            "hashes": [
                "sha256:b88e189f0d2e0051da45b6311d5b2ced59afaf1378eb27ebb57eaf37c166a03b",
                "sha256:fdc596bab67d9f4828f43bf9e97c4e0a1d1518b7c2357485cef0e1c3cf470220"
            ],
            "index": "pypi",
            "version": "==2.0.0"
        },
        "html5lib": {
            "hashes": [
                "sha256:0d78f8fde1c230e99fe37986a60526d7049ed4bf8a9fadbad5f00e22e58e041d",
                "sha256:b2e5b40261e20f354d198eae92afc10d750afb487ed5e50f9c4eaf07c184146f"
            ],
            "markers": "python_version >= '2.7' and python_version not in '3.0, 3.1, 3.2, 3.3, 3.4'",
            "version": "==1.1"
        },
        "idna": {
            "hashes": [
                "sha256:b307872f855b18632ce0c21c5e45be78c0ea7ae4c15c828c20788b26921eb3f6",
                "sha256:b97d804b1e9b523befed77c48dacec60e6dcb0b5391d57af6a65a312a90648c0"
            ],
            "markers": "python_version >= '2.7' and python_version not in '3.0, 3.1, 3.2, 3.3'",
            "version": "==2.10"
        },
        "iniconfig": {
            "hashes": [
                "sha256:80cf40c597eb564e86346103f609d74efce0f6b4d4f30ec8ce9e2c26411ba437",
                "sha256:e5f92f89355a67de0595932a6c6c02ab4afddc6fcdc0bfc5becd0d60884d3f69"
            ],
            "version": "==1.0.1"
        },
        "jinja2": {
            "hashes": [
                "sha256:89aab215427ef59c34ad58735269eb58b1a5808103067f7bb9d5836c651b3bb0",
                "sha256:f0a4641d3cf955324a89c04f3d94663aa4d638abe8f733ecd3582848e1c37035"
            ],
            "markers": "python_version >= '2.7' and python_version not in '3.0, 3.1, 3.2, 3.3, 3.4'",
            "version": "==2.11.2"
        },
        "kombu": {
            "hashes": [
                "sha256:be48cdffb54a2194d93ad6533d73f69408486483d189fe9f5990ee24255b0e0a",
                "sha256:ca1b45faac8c0b18493d02a8571792f3c40291cf2bcf1f55afed3d8f3aa7ba74"
            ],
            "markers": "python_version >= '2.7' and python_version not in '3.0, 3.1, 3.2, 3.3, 3.4'",
            "version": "==4.6.11"
        },
        "markupsafe": {
            "hashes": [
                "sha256:00bc623926325b26bb9605ae9eae8a215691f33cae5df11ca5424f06f2d1f473",
                "sha256:09027a7803a62ca78792ad89403b1b7a73a01c8cb65909cd876f7fcebd79b161",
                "sha256:09c4b7f37d6c648cb13f9230d847adf22f8171b1ccc4d5682398e77f40309235",
                "sha256:1027c282dad077d0bae18be6794e6b6b8c91d58ed8a8d89a89d59693b9131db5",
                "sha256:13d3144e1e340870b25e7b10b98d779608c02016d5184cfb9927a9f10c689f42",
                "sha256:24982cc2533820871eba85ba648cd53d8623687ff11cbb805be4ff7b4c971aff",
                "sha256:29872e92839765e546828bb7754a68c418d927cd064fd4708fab9fe9c8bb116b",
                "sha256:43a55c2930bbc139570ac2452adf3d70cdbb3cfe5912c71cdce1c2c6bbd9c5d1",
                "sha256:46c99d2de99945ec5cb54f23c8cd5689f6d7177305ebff350a58ce5f8de1669e",
                "sha256:500d4957e52ddc3351cabf489e79c91c17f6e0899158447047588650b5e69183",
                "sha256:535f6fc4d397c1563d08b88e485c3496cf5784e927af890fb3c3aac7f933ec66",
                "sha256:596510de112c685489095da617b5bcbbac7dd6384aeebeda4df6025d0256a81b",
                "sha256:62fe6c95e3ec8a7fad637b7f3d372c15ec1caa01ab47926cfdf7a75b40e0eac1",
                "sha256:6788b695d50a51edb699cb55e35487e430fa21f1ed838122d722e0ff0ac5ba15",
                "sha256:6dd73240d2af64df90aa7c4e7481e23825ea70af4b4922f8ede5b9e35f78a3b1",
                "sha256:717ba8fe3ae9cc0006d7c451f0bb265ee07739daf76355d06366154ee68d221e",
                "sha256:79855e1c5b8da654cf486b830bd42c06e8780cea587384cf6545b7d9ac013a0b",
                "sha256:7c1699dfe0cf8ff607dbdcc1e9b9af1755371f92a68f706051cc8c37d447c905",
                "sha256:88e5fcfb52ee7b911e8bb6d6aa2fd21fbecc674eadd44118a9cc3863f938e735",
                "sha256:8defac2f2ccd6805ebf65f5eeb132adcf2ab57aa11fdf4c0dd5169a004710e7d",
                "sha256:98c7086708b163d425c67c7a91bad6e466bb99d797aa64f965e9d25c12111a5e",
                "sha256:9add70b36c5666a2ed02b43b335fe19002ee5235efd4b8a89bfcf9005bebac0d",
                "sha256:9bf40443012702a1d2070043cb6291650a0841ece432556f784f004937f0f32c",
                "sha256:ade5e387d2ad0d7ebf59146cc00c8044acbd863725f887353a10df825fc8ae21",
                "sha256:b00c1de48212e4cc9603895652c5c410df699856a2853135b3967591e4beebc2",
                "sha256:b1282f8c00509d99fef04d8ba936b156d419be841854fe901d8ae224c59f0be5",
                "sha256:b2051432115498d3562c084a49bba65d97cf251f5a331c64a12ee7e04dacc51b",
                "sha256:ba59edeaa2fc6114428f1637ffff42da1e311e29382d81b339c1817d37ec93c6",
                "sha256:c8716a48d94b06bb3b2524c2b77e055fb313aeb4ea620c8dd03a105574ba704f",
                "sha256:cd5df75523866410809ca100dc9681e301e3c27567cf498077e8551b6d20e42f",
                "sha256:cdb132fc825c38e1aeec2c8aa9338310d29d337bebbd7baa06889d09a60a1fa2",
                "sha256:e249096428b3ae81b08327a63a485ad0878de3fb939049038579ac0ef61e17e7",
                "sha256:e8313f01ba26fbbe36c7be1966a7b7424942f670f38e666995b88d012765b9be"
            ],
            "markers": "python_version >= '2.7' and python_version not in '3.0, 3.1, 3.2, 3.3'",
            "version": "==1.1.1"
        },
        "mercantile": {
            "hashes": [
                "sha256:0278b393a05d17c3618c5f5da64488bb3707e14046fe36f594d7215db3b376c4",
                "sha256:db13b7d674a38ea69673898e96f6c6b33e3fd41ccbbfe8ba54860d427fa7d492",
                "sha256:e56a48313ab8b5ba26d4e601963df02ad989efba58589fce6f90ca9ffac04829"
            ],
            "index": "pypi",
            "version": "==1.0.4"
        },
        "more-itertools": {
            "hashes": [
                "sha256:68c70cc7167bdf5c7c9d8f6954a7837089c6a36bf565383919bb595efb8a17e5",
                "sha256:b78134b2063dd214000685165d81c154522c3ee0a1c0d4d113c80361c234c5a2"
            ],
            "markers": "python_version >= '3.5'",
            "version": "==8.4.0"
        },
        "multidict": {
            "hashes": [
                "sha256:1ece5a3369835c20ed57adadc663400b5525904e53bae59ec854a5d36b39b21a",
                "sha256:275ca32383bc5d1894b6975bb4ca6a7ff16ab76fa622967625baeebcf8079000",
                "sha256:3750f2205b800aac4bb03b5ae48025a64e474d2c6cc79547988ba1d4122a09e2",
                "sha256:4538273208e7294b2659b1602490f4ed3ab1c8cf9dbdd817e0e9db8e64be2507",
                "sha256:5141c13374e6b25fe6bf092052ab55c0c03d21bd66c94a0e3ae371d3e4d865a5",
                "sha256:51a4d210404ac61d32dada00a50ea7ba412e6ea945bbe992e4d7a595276d2ec7",
                "sha256:5cf311a0f5ef80fe73e4f4c0f0998ec08f954a6ec72b746f3c179e37de1d210d",
                "sha256:6513728873f4326999429a8b00fc7ceddb2509b01d5fd3f3be7881a257b8d463",
                "sha256:7388d2ef3c55a8ba80da62ecfafa06a1c097c18032a501ffd4cabbc52d7f2b19",
                "sha256:9456e90649005ad40558f4cf51dbb842e32807df75146c6d940b6f5abb4a78f3",
                "sha256:c026fe9a05130e44157b98fea3ab12969e5b60691a276150db9eda71710cd10b",
                "sha256:d14842362ed4cf63751648e7672f7174c9818459d169231d03c56e84daf90b7c",
                "sha256:e0d072ae0f2a179c375f67e3da300b47e1a83293c554450b29c900e50afaae87",
                "sha256:f07acae137b71af3bb548bd8da720956a3bc9f9a0b87733e0899226a2317aeb7",
                "sha256:fbb77a75e529021e7c4a8d4e823d88ef4d23674a202be4f5addffc72cbb91430",
                "sha256:fcfbb44c59af3f8ea984de67ec7c306f618a3ec771c2843804069917a8f2e255",
                "sha256:feed85993dbdb1dbc29102f50bca65bdc68f2c0c8d352468c25b54874f23c39d"
            ],
            "markers": "python_version >= '3.5'",
            "version": "==4.7.6"
        },
        "munch": {
            "hashes": [
                "sha256:2d735f6f24d4dba3417fa448cae40c6e896ec1fdab6cdb5e6510999758a4dbd2",
                "sha256:6f44af89a2ce4ed04ff8de41f70b226b984db10a91dcc7b9ac2efc1c77022fdd"
            ],
            "version": "==2.5.0"
        },
        "ncdjango": {
            "hashes": [
                "sha256:1d3916679c3a68b2b05c87cf2c69c2b4a041655b9ebb0711f8c8c9da2476ed52",
                "sha256:7068ba8750053073107e492b4e9c1cf17d331cf4eb1ece6ba188dedac9e9cf7e"
            ],
            "index": "pypi",
            "version": "==0.5.2"
        },
        "netcdf4": {
            "hashes": [
                "sha256:1dbc38bea9e50fd3476a6c9d8bcc871b8f36e194b40bb720584f7d3bb9c381b6",
                "sha256:223b84f8d2a148e889b1933944109bdecbefc097200ab42e8a66c967b1398e1b",
                "sha256:26f073e09ce353c6b8f2baa4d20d41ae80bda19391110067968f0d2dfe0cba69",
                "sha256:355aafbd932f98bcc04d16b20cfad9bec07df8631fa41ae8d3992ab071d7e37e",
                "sha256:368c1820b6a059887af5b5902717788b45df9db3318a4f3c9f683acb9af7bf43",
                "sha256:395f9d7dbdfc13111e5a6a99ced9c64f2ffdff39a21d9d100374e31170ea4875",
                "sha256:3dd358286f60afcb7d2df15362157a1821786ddb4bac10239849b0b751be91a7",
                "sha256:703bca7c85f86ec8d469dfd2b7e9d7e5b4e1be0224c8c7f6c03ea132e1b55069",
                "sha256:941de6f3623b6474ecb4d043be5990690f7af4cf0d593b31be912627fe5aad03",
                "sha256:a3920a4a74ace672b12864cb505a4229dc86ce93ba299df0e933ed43f011d7a4",
                "sha256:a443c1523ec0449483e620ae17f92cfd59567bd50f8dfece6b7ee7a20e28249d",
                "sha256:af1eaadf3f0a1ef91c1f396c0b57d4a376db9459f6ae812e711404917b352a26",
                "sha256:b39e453d0ecf81bf61f2c2dca36a22149f680499ac0e06029c7fa9fa5cc2e41f",
                "sha256:c4192fa17493783b409c726048e5297591b2938e19fe7ec8f2769c859290a404",
                "sha256:ce5c4e42f8970ecbafb7f706648e03e8e1ec54a3db979a68f5cf49ff032ab06e",
                "sha256:eedd5d256a9393645bf06e9de97d8b744692217c426a03aca935fded43f5222f",
                "sha256:f3d224b6ea4017ba067a116b7ba4e56e7086bdfd41aa0ceceef12b8b85dbf6b3",
                "sha256:ff0db30eee3fe3d4dc18c6658e702b2a4859a3b94c1990177fea4660cebe3c37"
            ],
            "version": "==1.5.4"
        },
        "numpy": {
            "hashes": [
                "sha256:082f8d4dd69b6b688f64f509b91d482362124986d98dc7dc5f5e9f9b9c3bb983",
                "sha256:1bc0145999e8cb8aed9d4e65dd8b139adf1919e521177f198529687dbf613065",
                "sha256:309cbcfaa103fc9a33ec16d2d62569d541b79f828c382556ff072442226d1968",
                "sha256:3673c8b2b29077f1b7b3a848794f8e11f401ba0b71c49fbd26fb40b71788b132",
                "sha256:480fdd4dbda4dd6b638d3863da3be82873bba6d32d1fc12ea1b8486ac7b8d129",
                "sha256:56ef7f56470c24bb67fb43dae442e946a6ce172f97c69f8d067ff8550cf782ff",
                "sha256:5a936fd51049541d86ccdeef2833cc89a18e4d3808fe58a8abeb802665c5af93",
                "sha256:5b6885c12784a27e957294b60f97e8b5b4174c7504665333c5e94fbf41ae5d6a",
                "sha256:667c07063940e934287993366ad5f56766bc009017b4a0fe91dbd07960d0aba7",
                "sha256:7ed448ff4eaffeb01094959b19cbaf998ecdee9ef9932381420d514e446601cd",
                "sha256:8343bf67c72e09cfabfab55ad4a43ce3f6bf6e6ced7acf70f45ded9ebb425055",
                "sha256:92feb989b47f83ebef246adabc7ff3b9a59ac30601c3f6819f8913458610bdcc",
                "sha256:935c27ae2760c21cd7354402546f6be21d3d0c806fffe967f745d5f2de5005a7",
                "sha256:aaf42a04b472d12515debc621c31cf16c215e332242e7a9f56403d814c744624",
                "sha256:b12e639378c741add21fbffd16ba5ad25c0a1a17cf2b6fe4288feeb65144f35b",
                "sha256:b1cca51512299841bf69add3b75361779962f9cee7d9ee3bb446d5982e925b69",
                "sha256:b8456987b637232602ceb4d663cb34106f7eb780e247d51a260b84760fd8f491",
                "sha256:b9792b0ac0130b277536ab8944e7b754c69560dac0415dd4b2dbd16b902c8954",
                "sha256:c9591886fc9cbe5532d5df85cb8e0cc3b44ba8ce4367bd4cf1b93dc19713da72",
                "sha256:cf1347450c0b7644ea142712619533553f02ef23f92f781312f6a3553d031fc7",
                "sha256:de8b4a9b56255797cbddb93281ed92acbc510fb7b15df3f01bd28f46ebc4edae",
                "sha256:e1b1dc0372f530f26a03578ac75d5e51b3868b9b76cd2facba4c9ee0eb252ab1",
                "sha256:e45f8e981a0ab47103181773cc0a54e650b2aef8c7b6cd07405d0fa8d869444a",
                "sha256:e4f6d3c53911a9d103d8ec9518190e52a8b945bab021745af4939cfc7c0d4a9e",
                "sha256:ed8a311493cf5480a2ebc597d1e177231984c818a86875126cfd004241a73c3e",
                "sha256:ef71a1d4fd4858596ae80ad1ec76404ad29701f8ca7cdcebc50300178db14dfc"
            ],
            "index": "pypi",
            "version": "==1.19.1"
        },
        "packaging": {
            "hashes": [
                "sha256:4357f74f47b9c12db93624a82154e9b120fa8293699949152b22065d556079f8",
                "sha256:998416ba6962ae7fbd6596850b80e17859a5753ba17c32284f67bfff33784181"
            ],
            "markers": "python_version >= '2.7' and python_version not in '3.0, 3.1, 3.2, 3.3'",
            "version": "==20.4"
        },
        "palettable": {
            "hashes": [
                "sha256:72feca71cf7d79830cd6d9181b02edf227b867d503bec953cf9fa91bf44896bd",
                "sha256:c3bf3f548fc228e86bd3d16928bbf8d621c1d1098791ceab446d0e3a5e1298d1"
            ],
            "version": "==3.3.0"
        },
        "pdfrw": {
            "hashes": [
                "sha256:0dc0494a0e6561b268542b28ede2280387c2728114f117d3bb5d8e4787b93ef4",
                "sha256:758289edaa3b672e9a1a67504be73c18ec668d4e5b9d5ac9cbc0dc753d8d196b"
            ],
            "version": "==0.4"
        },
        "pillow": {
            "hashes": [
                "sha256:0295442429645fa16d05bd567ef5cff178482439c9aad0411d3f0ce9b88b3a6f",
                "sha256:06aba4169e78c439d528fdeb34762c3b61a70813527a2c57f0540541e9f433a8",
                "sha256:09d7f9e64289cb40c2c8d7ad674b2ed6105f55dc3b09aa8e4918e20a0311e7ad",
                "sha256:0a80dd307a5d8440b0a08bd7b81617e04d870e40a3e46a32d9c246e54705e86f",
                "sha256:1ca594126d3c4def54babee699c055a913efb01e106c309fa6b04405d474d5ae",
                "sha256:25930fadde8019f374400f7986e8404c8b781ce519da27792cbe46eabec00c4d",
                "sha256:431b15cffbf949e89df2f7b48528be18b78bfa5177cb3036284a5508159492b5",
                "sha256:52125833b070791fcb5710fabc640fc1df07d087fc0c0f02d3661f76c23c5b8b",
                "sha256:5e51ee2b8114def244384eda1c82b10e307ad9778dac5c83fb0943775a653cd8",
                "sha256:612cfda94e9c8346f239bf1a4b082fdd5c8143cf82d685ba2dba76e7adeeb233",
                "sha256:6d7741e65835716ceea0fd13a7d0192961212fd59e741a46bbed7a473c634ed6",
                "sha256:6edb5446f44d901e8683ffb25ebdfc26988ee813da3bf91e12252b57ac163727",
                "sha256:725aa6cfc66ce2857d585f06e9519a1cc0ef6d13f186ff3447ab6dff0a09bc7f",
                "sha256:8dad18b69f710bf3a001d2bf3afab7c432785d94fcf819c16b5207b1cfd17d38",
                "sha256:94cf49723928eb6070a892cb39d6c156f7b5a2db4e8971cb958f7b6b104fb4c4",
                "sha256:97f9e7953a77d5a70f49b9a48da7776dc51e9b738151b22dacf101641594a626",
                "sha256:9ad7f865eebde135d526bb3163d0b23ffff365cf87e767c649550964ad72785d",
                "sha256:a060cf8aa332052df2158e5a119303965be92c3da6f2d93b6878f0ebca80b2f6",
                "sha256:c79f9c5fb846285f943aafeafda3358992d64f0ef58566e23484132ecd8d7d63",
                "sha256:c92302a33138409e8f1ad16731568c55c9053eee71bb05b6b744067e1b62380f",
                "sha256:d08b23fdb388c0715990cbc06866db554e1822c4bdcf6d4166cf30ac82df8c41",
                "sha256:d350f0f2c2421e65fbc62690f26b59b0bcda1b614beb318c81e38647e0f673a1",
                "sha256:ec29604081f10f16a7aea809ad42e27764188fc258b02259a03a8ff7ded3808d",
                "sha256:edf31f1150778abd4322444c393ab9c7bd2af271dd4dafb4208fb613b1f3cdc9",
                "sha256:f7e30c27477dffc3e85c2463b3e649f751789e0f6c8456099eea7ddd53be4a8a",
                "sha256:ffe538682dc19cc542ae7c3e504fdf54ca7f86fb8a135e59dd6bc8627eae6cce"
            ],
            "markers": "python_version >= '3.5'",
            "version": "==7.2.0"
        },
        "pluggy": {
            "hashes": [
                "sha256:15b2acde666561e1298d71b523007ed7364de07029219b604cf808bfa1c765b0",
                "sha256:966c145cd83c96502c3c3868f50408687b38434af77734af1e9ca461a4081d2d"
            ],
            "markers": "python_version >= '2.7' and python_version not in '3.0, 3.1, 3.2, 3.3'",
            "version": "==0.13.1"
        },
        "ply": {
            "hashes": [
                "sha256:00c7c1aaa88358b9c765b6d3000c6eec0ba42abca5351b095321aef446081da3",
                "sha256:096f9b8350b65ebd2fd1346b12452efe5b9607f7482813ffca50c22722a807ce"
            ],
            "version": "==3.11"
        },
        "psycopg2-binary": {
            "hashes": [
                "sha256:19a2d1f3567b30f6c2bb3baea23f74f69d51f0c06c2e2082d0d9c28b0733a4c2",
                "sha256:2b69cf4b0fa2716fd977aa4e1fd39af6110eb47b2bb30b4e5a469d8fbecfc102",
                "sha256:2e952fa17ba48cbc2dc063ddeec37d7dc4ea0ef7db0ac1eda8906365a8543f31",
                "sha256:348b49dd737ff74cfb5e663e18cb069b44c64f77ec0523b5794efafbfa7df0b8",
                "sha256:3d72a5fdc5f00ca85160915eb9a973cf9a0ab8148f6eda40708bf672c55ac1d1",
                "sha256:4957452f7868f43f32c090dadb4188e9c74a4687323c87a882e943c2bd4780c3",
                "sha256:5138cec2ee1e53a671e11cc519505eb08aaaaf390c508f25b09605763d48de4b",
                "sha256:587098ca4fc46c95736459d171102336af12f0d415b3b865972a79c03f06259f",
                "sha256:5b79368bcdb1da4a05f931b62760bea0955ee2c81531d8e84625df2defd3f709",
                "sha256:5cf43807392247d9bc99737160da32d3fa619e0bfd85ba24d1c78db205f472a4",
                "sha256:676d1a80b1eebc0cacae8dd09b2fde24213173bf65650d22b038c5ed4039f392",
                "sha256:6b0211ecda389101a7d1d3df2eba0cf7ffbdd2480ca6f1d2257c7bd739e84110",
                "sha256:79cde4660de6f0bb523c229763bd8ad9a93ac6760b72c369cf1213955c430934",
                "sha256:7aba9786ac32c2a6d5fb446002ed936b47d5e1f10c466ef7e48f66eb9f9ebe3b",
                "sha256:7c8159352244e11bdd422226aa17651110b600d175220c451a9acf795e7414e0",
                "sha256:945f2eedf4fc6b2432697eb90bb98cc467de5147869e57405bfc31fa0b824741",
                "sha256:96b4e902cde37a7fc6ab306b3ac089a3949e6ce3d824eeca5b19dc0bedb9f6e2",
                "sha256:9a7bccb1212e63f309eb9fab47b6eaef796f59850f169a25695b248ca1bf681b",
                "sha256:a3bfcac727538ec11af304b5eccadbac952d4cca1a551a29b8fe554e3ad535dc",
                "sha256:b19e9f1b85c5d6136f5a0549abdc55dcbd63aba18b4f10d0d063eb65ef2c68b4",
                "sha256:b664011bb14ca1f2287c17185e222f2098f7b4c857961dbcf9badb28786dbbf4",
                "sha256:bde7959ef012b628868d69c474ec4920252656d0800835ed999ba5e4f57e3e2e",
                "sha256:cb095a0657d792c8de9f7c9a0452385a309dfb1bbbb3357d6b1e216353ade6ca",
                "sha256:d16d42a1b9772152c1fe606f679b2316551f7e1a1ce273e7f808e82a136cdb3d",
                "sha256:d444b1545430ffc1e7a24ce5a9be122ccd3b135a7b7e695c5862c5aff0b11159",
                "sha256:d93ccc7bf409ec0a23f2ac70977507e0b8a8d8c54e5ee46109af2f0ec9e411f3",
                "sha256:df6444f952ca849016902662e1a47abf4fa0678d75f92fd9dd27f20525f809cd",
                "sha256:e63850d8c52ba2b502662bf3c02603175c2397a9acc756090e444ce49508d41e",
                "sha256:ec43358c105794bc2b6fd34c68d27f92bea7102393c01889e93f4b6a70975728",
                "sha256:f4c6926d9c03dadce7a3b378b40d2fea912c1344ef9b29869f984fb3d2a2420b"
            ],
            "index": "pypi",
            "version": "==2.7.7"
        },
        "py": {
            "hashes": [
                "sha256:366389d1db726cd2fcfc79732e75410e5fe4d31db13692115529d34069a043c2",
                "sha256:9ca6883ce56b4e8da7e79ac18787889fa5206c79dcc67fb065376cd2fe03f342"
            ],
            "markers": "python_version >= '2.7' and python_version not in '3.0, 3.1, 3.2, 3.3'",
            "version": "==1.9.0"
        },
        "pycparser": {
            "hashes": [
                "sha256:2d475327684562c3a96cc71adf7dc8c4f0565175cf86b6d7a404ff4c771f15f0",
                "sha256:7582ad22678f0fcd81102833f60ef8d0e57288b6b5fb00323d101be910e35705"
            ],
            "markers": "python_version >= '2.7' and python_version not in '3.0, 3.1, 3.2, 3.3'",
            "version": "==2.20"
        },
        "pyparsing": {
            "hashes": [
                "sha256:c203ec8783bf771a155b207279b9bccb8dea02d8f0c9e5f8ead507bc3246ecc1",
                "sha256:ef9d7589ef3c200abe66653d3f1ab1033c3c419ae9b9bdb1240a85b024efc88b"
            ],
            "markers": "python_version >= '2.6' and python_version not in '3.0, 3.1, 3.2, 3.3'",
            "version": "==2.4.7"
        },
        "pyphen": {
            "hashes": [
                "sha256:3b633a50873156d777e1f1075ba4d8e96a6ad0a3ca42aa3ea9a6259f93f18921",
                "sha256:e172faf10992c8c9d369bdc83e36dbcf1121f4ed0d881f1a0b521935aee583b5"
            ],
            "version": "==0.9.5"
        },
        "pyproj": {
            "hashes": [
                "sha256:026074694f9e9a3110013802c5ceb2728070dbdde9f1038609f942845f4207d1",
                "sha256:25e244b84da0b673e2969fdfe2d98f2f94c74a8baea1dd88928f2cf7c1410cba",
                "sha256:30739f8f0dc266563643799609c5d404d48d6b412bdba1d2fef8eed7f5782c5f",
                "sha256:379cf8afd80f254dc7ee30c2a7a499e71bcc0f33c435e46b6c0ea30496faacb2",
                "sha256:569c764b391e31d4b156acb09acde9afb0c1bf1a71ca6e829e4677220ca64a56",
                "sha256:56dc74a5aa0878d2332e4edd931687e5b8fb18edd242cf8cff60217ce4ef0720",
                "sha256:5b1553d80b35c6582a79252fc2a4e5d82d95383fbbfc671650d6fe54e18bbb9c",
                "sha256:629acc34d8c2ff6fa2875e6075555fcb17a033cd3e181613e8782110fcc2f6b1",
                "sha256:a7fa5da448dcdbd787e70e21dcf6c71a14bc048db86027f2fc3fe005b9440b93",
                "sha256:c6d7c3c11c9f8f043fb00658f2146c10e3e0e21b5459022ae5716994650d6a02",
                "sha256:e0c02b1554b20c710d16d673817b2a89ff94738b0b537aead8ecb2edc4c4487b"
            ],
            "index": "pypi",
            "version": "==1.9.6"
        },
        "pytest": {
            "hashes": [
                "sha256:85228d75db9f45e06e57ef9bf4429267f81ac7c0d742cc9ed63d09886a9fe6f4",
                "sha256:8b6007800c53fdacd5a5c192203f4e531eb2a1540ad9c752e052ec0f7143dbad"
            ],
            "markers": "python_version >= '3.5'",
            "version": "==6.0.1"
        },
        "pytest-django": {
            "hashes": [
                "sha256:64f99d565dd9497af412fcab2989fe40982c1282d4118ff422b407f3f7275ca5",
                "sha256:664e5f42242e5e182519388f01b9f25d824a9feb7cd17d8f863c8d776f38baf9"
            ],
            "markers": "python_version >= '2.7' and python_version not in '3.0, 3.1, 3.2, 3.3'",
            "version": "==3.9.0"
        },
        "python-dateutil": {
            "hashes": [
                "sha256:73ebfe9dbf22e832286dafa60473e4cd239f8592f699aa5adaf10050e6e1823c",
                "sha256:75bb3f31ea686f1197762692a9ee6a7550b59fc6ca3a1f4b5d7e32fb98e2da2a"
            ],
            "markers": "python_version >= '2.7' and python_version not in '3.0, 3.1, 3.2, 3.3'",
            "version": "==2.8.1"
        },
        "python-mimeparse": {
            "hashes": [
                "sha256:76e4b03d700a641fd7761d3cd4fdbbdcd787eade1ebfac43f877016328334f78",
                "sha256:a295f03ff20341491bfe4717a39cd0a8cc9afad619ba44b77e86b0ab8a2b8282"
            ],
            "version": "==1.6.0"
        },
        "pytz": {
            "hashes": [
                "sha256:a494d53b6d39c3c6e44c3bec237336e14305e4f29bbf800b599253057fbb79ed",
                "sha256:c35965d010ce31b23eeb663ed3cc8c906275d6be1a34393a1d73a41febf4a048"
            ],
            "version": "==2020.1"
        },
        "rasterio": {
            "hashes": [
                "sha256:03c8bb7be4bb2d808be81ade0391b222dd870c593aebffd361b168d3b8015615",
                "sha256:39269f8f22a040301d7e7f335bce806aa4f8246cdc5be39ec51ed11389b4b3eb",
                "sha256:5663bbe5fff1684d031c86e99f4610bc068ad3d9f48b79993ac177e6013200b4",
                "sha256:6fc016a95ec207fb1091365dd33e207cc26321316d98b3b110d4338d64cd5567",
                "sha256:754e6653bd6b7998af9f530dfd2d26da33bfe5c7ea6f4cc6c6d38152952c35cb",
                "sha256:7ffd1e03706f47587a9a6e580cc8f814a83aa8bebafaaeffe15fa0ab664ff815",
                "sha256:b9b753748a634140609171b4a8009e85cf859c4815d58f76a44b94a661d35364",
                "sha256:cf68a574500ec1f7d29c9ea353d0d0536255c4a805a17d80db2cc5fe597c312e",
                "sha256:ebe75c71f9257c780615caaec8ef81fa4602702cf9290a65c213e1639284acc9",
                "sha256:ecc314d110a7d6185a58097cf2b02fc918196ed441d764df2afe72b221259c22"
            ],
            "version": "==1.1.5"
        },
        "requests": {
            "hashes": [
                "sha256:b3559a131db72c33ee969480840fff4bb6dd111de7dd27c8ee1f820f4f00231b",
                "sha256:fe75cc94a9443b9246fc7049224f75604b113c36acb93f87b80ed42c44cbb898"
            ],
            "markers": "python_version >= '2.7' and python_version not in '3.0, 3.1, 3.2, 3.3, 3.4'",
            "version": "==2.24.0"
        },
        "shapely": {
            "hashes": [
                "sha256:11090bd5b5f11d54e1924a11198226971dab6f392c2e5a3c74514857f764b971",
                "sha256:1af407c58e7898a511ad01dc6e7c2099493071d939340553686b27513db6478e",
                "sha256:2154b9f25c5f13785cb05ce80b2c86e542bc69671193743f29c9f4c791c35db3",
                "sha256:234c5424d61d8b263d6d20045f5f32437819627ca57c1ea0c08368013b49824b",
                "sha256:29be7767a32df19e2186288cee63e539b386a35139524dc22eeceb244d0b092b",
                "sha256:2a2d37105c1d6d936f829de6c1c4ec8d43484d7b8bae8493bdd4267140dce650",
                "sha256:3793b09cbd86fe297193b365cbaf58b2f7d1ddeb273213185b2ddbab360e54ae",
                "sha256:4acbd566544c33bbc58c7dd264638ff3b91a57d9b162693c37520ea60d13668d",
                "sha256:50f96eb9993b6d841aac0addb84ea5f9da81c3fa97e1ec67c11964c8bb4fa0a5",
                "sha256:640e8a82b5f69ccd14e7520dd66d1247cf362096586e663ef9b8098cc0cb272b",
                "sha256:7554b1acd64a34d78189ab2f691bac967e0d9b38a4f345044552f9dcf3f92149",
                "sha256:7e9b01e89712fd988f931721fa36298e06a02eedf87fe7a7fd704d08f74c00f1",
                "sha256:9c62a9f7adceaa3110f2ec359c70dddd1640191609e91029e4d307e63fc8a5af",
                "sha256:a6c07b3b87455d107b0e4097889e9aba80a0812abf32a322a133af819b85d68a",
                "sha256:ae9a2da2b30c0b42029337854f78c71c28d285d254efd5f3be3700d997bfd18e",
                "sha256:b845a97f8366cc4aca197c3b04304cc301d9250518123155732da6a0e0575b49",
                "sha256:cc0fb1851b59473d2fa2f257f1e35740875af3f402c4575b4115028234e6f2eb",
                "sha256:e21a9fe1a416463ff11ae037766fe410526c95700b9e545372475d2361cc951e",
                "sha256:f7eb83fb36755edcbeb76fb367104efdf980307536c38ef610cb2e1a321defe0"
            ],
            "version": "==1.7.0"
        },
        "six": {
            "hashes": [
                "sha256:30639c035cdb23534cd4aa2dd52c3bf48f06e5f4a941509c8bafd8ce11080259",
                "sha256:8b74bedcbbbaca38ff6d7491d76f2b06b3592611af620f8426e82dddb04a5ced"
            ],
            "markers": "python_version >= '2.7' and python_version not in '3.0, 3.1, 3.2, 3.3'",
            "version": "==1.15.0"
        },
        "snuggs": {
            "hashes": [
                "sha256:501cf113fe3892e14e2fee76da5cd0606b7e149c411c271898e6259ebde2617b",
                "sha256:988dde5d4db88e9d71c99457404773dabcc7a1c45971bfbe81900999942d9f07"
            ],
            "version": "==1.4.7"
        },
        "tinycss2": {
            "hashes": [
                "sha256:6427d0e3faa0a5e0e8c9f6437e2de26148a7a197a8b0992789f23d9a802788cf",
                "sha256:9fdacc0e22d344ddd2ca053837c133900fe820ae1222f63b79617490a498507a"
            ],
            "markers": "python_version >= '3.5'",
            "version": "==1.0.2"
        },
        "toml": {
            "hashes": [
                "sha256:926b612be1e5ce0634a2ca03470f95169cf16f939018233a670519cb4ac58b0f",
                "sha256:bda89d5935c2eac546d648028b9901107a595863cb36bae0c73ac804a9b4ce88"
            ],
            "version": "==0.10.1"
        },
        "trefoil": {
            "hashes": [
                "sha256:8fa3a4d94b29d539085d125f24dca3089515d4f4b65f3d68aaf5c97c9c19b26e",
                "sha256:d2e05ee258042d34b391d98ffe5d850c48cca06bf5592a20b4d8bccdfee2d96e"
            ],
            "index": "pypi",
            "version": "==0.3.1.1"
        },
        "urllib3": {
            "hashes": [
                "sha256:91056c15fa70756691db97756772bb1eb9678fa585d9184f24534b100dc60f4a",
                "sha256:e7983572181f5e1522d9c98453462384ee92a0be7fac5f1413a1e35c56cc0461"
            ],
            "markers": "python_version >= '2.7' and python_version not in '3.0, 3.1, 3.2, 3.3, 3.4' and python_version < '4'",
            "version": "==1.25.10"
        },
        "vine": {
            "hashes": [
                "sha256:133ee6d7a9016f177ddeaf191c1f58421a1dcc6ee9a42c58b34bed40e1d2cd87",
                "sha256:ea4947cc56d1fd6f2095c8d543ee25dad966f78692528e68b4fada11ba3f98af"
            ],
            "markers": "python_version >= '2.7' and python_version not in '3.0, 3.1, 3.2, 3.3'",
            "version": "==1.3.0"
        },
        "weasyprint": {
            "hashes": [
                "sha256:4d35e37cf9d2cea199ddfe4b038c80024619e8a05a2f2eb99b80a2bfb6063eb7",
                "sha256:a9d198afb74cf4f29275cca7dc5d42eafd2d6abed3edb76c2d0d0429fead3907"
            ],
            "index": "pypi",
            "version": "==0.42.3"
        },
        "webencodings": {
            "hashes": [
                "sha256:a0af1213f3c2226497a97e2b3aa01a7e4bee4f403f95be16fc9acd2947514a78",
                "sha256:b36a1c245f2d304965eb4e0a82848379241dc04b865afcc4aab16748587e1923"
            ],
            "version": "==0.5.1"
        },
        "yarl": {
            "hashes": [
                "sha256:040b237f58ff7d800e6e0fd89c8439b841f777dd99b4a9cca04d6935564b9409",
                "sha256:17668ec6722b1b7a3a05cc0167659f6c95b436d25a36c2d52db0eca7d3f72593",
                "sha256:3a584b28086bc93c888a6c2aa5c92ed1ae20932f078c46509a66dce9ea5533f2",
                "sha256:4439be27e4eee76c7632c2427ca5e73703151b22cae23e64adb243a9c2f565d8",
                "sha256:48e918b05850fffb070a496d2b5f97fc31d15d94ca33d3d08a4f86e26d4e7c5d",
                "sha256:9102b59e8337f9874638fcfc9ac3734a0cfadb100e47d55c20d0dc6087fb4692",
                "sha256:9b930776c0ae0c691776f4d2891ebc5362af86f152dd0da463a6614074cb1b02",
                "sha256:b3b9ad80f8b68519cc3372a6ca85ae02cc5a8807723ac366b53c0f089db19e4a",
                "sha256:bc2f976c0e918659f723401c4f834deb8a8e7798a71be4382e024bcc3f7e23a8",
                "sha256:c22c75b5f394f3d47105045ea551e08a3e804dc7e01b37800ca35b58f856c3d6",
                "sha256:c52ce2883dc193824989a9b97a76ca86ecd1fa7955b14f87bf367a61b6232511",
                "sha256:ce584af5de8830d8701b8979b18fcf450cef9a382b1a3c8ef189bedc408faf1e",
                "sha256:da456eeec17fa8aa4594d9a9f27c0b1060b6a75f2419fe0c00609587b2695f4a",
                "sha256:db6db0f45d2c63ddb1a9d18d1b9b22f308e52c83638c26b422d520a815c4b3fb",
                "sha256:df89642981b94e7db5596818499c4b2219028f2a528c9c37cc1de45bf2fd3a3f",
                "sha256:f18d68f2be6bf0e89f1521af2b1bb46e66ab0018faafa81d70f358153170a317",
                "sha256:f379b7f83f23fe12823085cd6b906edc49df969eb99757f58ff382349a3303c6"
            ],
            "markers": "python_version >= '3.5'",
            "version": "==1.5.1"
        }
    },
    "develop": {}
}
