{
    "_meta": {
        "hash": {
            "sha256": "0719f9cd44828ce71f41035704ca159df3ff469b428648102aefe00619267564"
        },
        "pipfile-spec": 6,
        "requires": {
            "python_version": "3.6"
        },
        "sources": [
            {
                "name": "pypi",
                "url": "https://pypi.python.org/simple",
                "verify_ssl": true
            }
        ]
    },
    "default": {
        "affine": {
            "hashes": [
                "sha256:0e56a6aaf8443366042daa4092a94907c18edf5aba22db9f5e47737b222f4b91",
                "sha256:88a9c2167849a82e46ec2543e45a369832ee6661127601cc3914d2854395a02b"
            ],
            "version": "==2.2.0"
        },
        "amqp": {
            "hashes": [
                "sha256:4e28d3ea61a64ae61830000c909662cb053642efddbe96503db0e7783a6ee85b",
                "sha256:cba1ace9d4ff6049b190d8b7991f9c1006b443a5238021aca96dd6ad2ac9da22"
            ],
            "version": "==2.2.2"
        },
        "attrs": {
            "hashes": [
                "sha256:1c7960ccfd6a005cd9f7ba884e6316b5e430a3f1a6c37c5f87d8b43f83b54ec9",
                "sha256:a17a9573a6f475c99b551c0e0a812707ddda1ec9653bed04c13841404ed6f450"
            ],
            "version": "==17.4.0"
        },
        "billiard": {
            "hashes": [
                "sha256:1d7b22bdc47aa52841120fcd22a74ae4fc8c13e9d3935643098184f5788c3ce6",
                "sha256:abd9ce008c9a71ccde2c816f8daa36246e92a21e6a799831b887d88277187ecd"
            ],
            "version": "==3.5.0.3"
        },
        "celery": {
            "hashes": [
                "sha256:4f5f6e18f0055efc0c3deccb01fa67e458acb1e4e0be495cfa2e7e4ea5f62751",
                "sha256:c82f7531056b7193b8218c32a6cbdf9057782b45cd305ad98388b4b0aa2598d0"
            ],
            "version": "==4.2.0rc2"
        },
        "certifi": {
            "hashes": [
                "sha256:13e698f54293db9f89122b0581843a782ad0934a4fe0172d2a980ba77fc61bb7",
                "sha256:9fa520c1bacfb634fa7af20a76bcbd3d5fb390481724c597da32c719a7dca4b0"
            ],
            "version": "==2018.4.16"
        },
        "chardet": {
            "hashes": [
                "sha256:84ab92ed1c4d4f16916e05906b6b75a6c0fb5db821cc65e70cbd64a3e2a5eaae",
                "sha256:fc323ffcaeaed0e0a02bf4d117757b98aed530d9ed4531e3e15460124c106691"
            ],
            "version": "==3.0.4"
        },
        "click": {
            "hashes": [
                "sha256:29f99fc6125fbc931b758dc053b3114e55c77a6e4c6c3a2674a2dc986016381d",
                "sha256:f15516df478d5a56180fbf80e68f206010e6d160fc39fa508b65e035fd75130b"
            ],
            "version": "==6.7"
        },
        "click-plugins": {
            "hashes": [
                "sha256:7acc5e7eedd2dfd719714e8d53ae99030b5357aed661d0b06dacd6c2d583d7c5"
            ],
            "version": "==1.0.3"
        },
        "cligj": {
            "hashes": [
                "sha256:12ad07994f5c1173b06087ffbaacec52f9ebe4687926e5aacfc22b6b0c8b3f54",
                "sha256:2efdeb0ae64f2c2198ce7540ae0a5d67187d5fe9d79529ad8f4dbb8909210009",
                "sha256:7588487f1afcefbe65ae477cdbd4fca1828a3000fc3332e165dacb1dcb005f8a"
            ],
            "version": "==0.4.0"
        },
        "clover": {
            "git": "https://github.com/consbio/clover.git"
        },
        "django": {
            "hashes": [
                "sha256:056fe5b9e1f8f7fed9bb392919d64f6b33b3a71cfb0f170a90ee277a6ed32bc2",
                "sha256:4d398c7b02761e234bbde490aea13ea94cb539ceeb72805b72303f348682f2eb"
            ],
            "index": "pypi",
            "version": "==1.11.12"
        },
        "django-tastypie": {
            "hashes": [
                "sha256:1fbf61ec7467eec70bd1abcb14e3b1dc67e47cc3642ad16ed8a3709f4140678b"
            ],
            "version": "==0.14.1"
        },
        "django-webpack-loader": {
            "hashes": [
                "sha256:60bab6b9a037a5346fad12d2a70a6bc046afb33154cf75ed640b93d3ebd5f520",
                "sha256:970b968c2a8975fb7eff56a3bab5d0d90d396740852d1e0c50c5cfe2b824199a"
            ],
            "index": "pypi",
            "version": "==0.6.0"
        },
        "djangorestframework": {
            "hashes": [
                "sha256:b6714c3e4b0f8d524f193c91ecf5f5450092c2145439ac2769711f7eba89a9d9",
                "sha256:c375e4f95a3a64fccac412e36fb42ba36881e52313ec021ef410b40f67cddca4"
            ],
            "version": "==3.8.2"
        },
        "fiona": {
            "hashes": [
                "sha256:057cd3265e1d8f112b15e10c84d402774c8c739a5273a38b2ba921373c052d80",
                "sha256:21fe0e6caee02a39acdcd28e09e802c55f6772b11b3ba5bca2df29d4e07e2dfb",
                "sha256:3702b90a6a0db731b76b6261ad9f0bf8611b2a60938f8277097962f173b19a9e",
                "sha256:3ebe15a79b65afb726cd23d8ed9fc0212ea842db0a372368e7b766e19aa53c94",
                "sha256:4c32fd600d5f0428dc17e9ad895d8d15fc14761712817ec065b48b7a1865b6e0",
                "sha256:511118f907d77c7dddf0017e8d790942daf73a3bb1cdd86df94cc7885bd80c12",
                "sha256:bfe74fc58ed95dd47f7ea1a121021641e232045363dee7e817979904eddcb267",
                "sha256:cfd78978b5a38ba499c251687048c3ad38af496de856b6af7e380a55b7dfdb6c",
                "sha256:f4fd77d3046afe2b712b8f7e49402eb979b1165cc065987208495b7251f0c3e5",
                "sha256:feec70c802baec46e295e8795ea86fd86e1159c35011966c518df3db0572eb02"
            ],
            "version": "==1.8a1"
        },
        "gdal": {
            "hashes": [
                "sha256:7cc793b62f375612415ab7c10d10d45f727d42c39bf6ea51eb4b82f0c996e1e6"
            ],
            "index": "pypi",
            "version": "==2.2.4"
        },
        "idna": {
            "hashes": [
                "sha256:2c6a5de3089009e3da7c5dde64a141dbc8551d5b7f6cf4ed7c2568d0cc520a8f",
                "sha256:8c7309c718f94b3a625cb648ace320157ad16ff131ae0af362c9f21b80ef6ec4"
            ],
            "version": "==2.6"
        },
        "jinja2": {
            "hashes": [
                "sha256:74c935a1b8bb9a3947c50a54766a969d4846290e1e788ea44c1392163723c3bd",
                "sha256:f84be1bb0040caca4cea721fcbbbbd61f9be9464ca236387158b0feea01914a4"
            ],
            "version": "==2.10"
        },
        "kombu": {
            "hashes": [
                "sha256:01f0da9fe222a2183345004243d1518c0fbe5875955f1b24842f2d9c65709ade",
                "sha256:4249d9dd9dbf1fcec471d1c2def20653c9310dd1a217272d77e4844f9d5273cb"
            ],
            "version": "==4.1.0"
        },
        "markupsafe": {
            "hashes": [
                "sha256:a6be69091dac236ea9c6bc7d012beab42010fa914c459791d627dad4910eb665"
            ],
            "version": "==1.0"
        },
        "mercantile": {
            "hashes": [
                "sha256:baf581f3bbf08ddce9c646140949a2fc932fb6e250514cee162c13167f9ddb3b",
                "sha256:f159056222f2d5c215087fc49154ebe9b7e2c657316af5b28cd3559d50a80e84",
                "sha256:f3160d4c65d60dec6cd8ea31dfbeb0c4ed5512048577be56af66fbd0caaa59f8"
            ],
            "index": "pypi",
            "version": "==1.0.1"
        },
        "more-itertools": {
            "hashes": [
                "sha256:0dd8f72eeab0d2c3bd489025bb2f6a1b8342f9b198f6fc37b52d15cfa4531fea",
                "sha256:11a625025954c20145b37ff6309cd54e39ca94f72f6bb9576d1195db6fa2442e",
                "sha256:c9ce7eccdcb901a2c75d326ea134e0886abfbea5f93e91cc95de9507c0816c44"
            ],
            "version": "==4.1.0"
        },
        "munch": {
            "hashes": [
                "sha256:fc64a4aeb47e34ff1125f69af3cf3f59e51554b96dbaa2b720c6fb6c9e47a551"
            ],
            "version": "==2.3.1"
        },
        "ncdjango": {
            "hashes": [
                "sha256:0e19f1306c86131eca2a442c74a0e0cb1d953c9bbb49a65c3f483c71781f85a5",
                "sha256:aad3d2bf75caecafcddf877b616183a2ce341677153c3dc3f26483c56090b7a9"
            ],
            "index": "pypi",
            "version": "==0.5.1"
        },
        "netcdf4": {
            "hashes": [
                "sha256:045ddf375b0f013df04f063ff2159c6ca8ee8fbf47667001c5a3c4d853f44606",
                "sha256:24ad499a39e0ab5ea9e03a5f2016674ab7b2e986696d09d5c6a2360130f83816",
                "sha256:2a0671594f9d141d048447e8599f21d8f089b5c0808bebf43fe922a05e0aee23",
                "sha256:369da170253df57efa71d3d9bad41608e71acadd491ab7d6b9f1b600af9b8833",
                "sha256:3b6e0eaafa4ce0795ff4825803fe008a1bca7de7509e998a84e9374777784195",
                "sha256:46c049503270615374903d2798e8ced6903ab7c6001e7a9a57e6863e55f5f1cd",
                "sha256:4e332440086808282f4164eeda2fa61b3fbbfa1ac6ec8734b7a1aba64e1a3e3c",
                "sha256:52fe026bf707d41ffef4eed2abc2cf6f4da137d3d7a146050caea39cfd3fbf6d",
                "sha256:570ea59992aa6d98a9b672c71161d11ba5683f787da53446086077470a869957",
                "sha256:64d8ff08c6a780e1b52e1b5e390f3daa48b7fdd2b0ef52a79f62c46687d50d0a",
                "sha256:73c554c15beef49d0ed056f87ff4536cf2bbaa262db8d079cfe695ed72c42871",
                "sha256:9045681b51fe117435f55ba1ae3958da5fca31df67eed3aa612d9cbedab920b1",
                "sha256:98d6f0085ee1b3d05ded25947c69706b264412cf591ce2b713a4a9d0a196745e",
                "sha256:9ecf1aab788fbcd3c473faf73a43a88e3a85144868ed2f2f5ad58c40642db263",
                "sha256:a572836dc0f1390e37c8d9e2f71309af18650a9194339bed05bce890810ee430",
                "sha256:a90476403eea79d20e4725c66df80980290fd0b8e7d7b69d0ef46df27e12f64c",
                "sha256:be75caa96c79b8841c1ce0e9785ab964829ad81a75d8bd4128d89187b70b4bf4",
                "sha256:c30b07df33908b5392222eb3886f04102871726d0e92912c1d7e6b959e9ec931",
                "sha256:c4897fbc3b01e40a53ccc45a2eb00b7900745d8b036d2d101f2447be4a333a3c",
                "sha256:cb47e5cdcfa5fb0185aaf152d40960a654fe747c76c7587d2d1ba77860a87582",
                "sha256:f11230a19d61bea6c25d2b2777b2ad4f000d00409d1e36911aae8c7c5666c83f",
                "sha256:f4c86e732a769ff153e99f571f945a674ce773858ee7a05cc70f690c33535cbc",
                "sha256:ffd9da754511ffe5ec890f2861aaa31d1ad6d9bde67c039d0d15c8d0669e66ff"
            ],
            "version": "==1.3.1"
        },
        "numpy": {
            "hashes": [
                "sha256:0739146eaf4985962f07c62f7133aca89f3a600faac891ce6c7f3a1e2afe5272",
                "sha256:07e21f14490324cc1160db101e9b6c1233c33985af4cb1d301dd02650fea1d7f",
                "sha256:0f6a5ed0cd7ab1da11f5c07a8ecada73fc55a70ef7bb6311a4109891341d7277",
                "sha256:0fd65cbbfdbf76bbf80c445d923b3accefea0fe2c2082049e0ce947c81fe1d3f",
                "sha256:20cac3123d791e4bf8482a580d98d6b5969ba348b9d5364df791ba3a666b660d",
                "sha256:528ce59ded2008f9e8543e0146acb3a98a9890da00adf8904b1e18c82099418b",
                "sha256:56e392b7c738bd70e6f46cf48c8194d3d1dd4c5a59fae4b30c58bb6ef86e5233",
                "sha256:675e0f23967ce71067d12b6944add505d5f0a251f819cfb44bdf8ee7072c090d",
                "sha256:6be6b0ca705321c178c9858e5ad5611af664bbdfae1df1541f938a840a103888",
                "sha256:719d914f564f35cce4dc103808f8297c807c9f0297ac183ed81ae8b5650e698e",
                "sha256:768e777cc1ffdbf97c507f65975c8686ebafe0f3dc8925d02ac117acc4669ce9",
                "sha256:7f76d406c6b998d6410198dcb82688dcdaec7d846aa87e263ccf52efdcfeba30",
                "sha256:8c18ee4dddd5c6a811930c0a7c7947bf16387da3b394725f6063f1366311187d",
                "sha256:99051e03b445117b26028623f1a487112ddf61a09a27e2d25e6bc07d37d94f25",
                "sha256:a1413d06abfa942ca0553bf3bccaff5fdb36d55b84f2248e36228db871147dab",
                "sha256:a7157c9ac6bddd2908c35ef099e4b643bc0e0ebb4d653deb54891d29258dd329",
                "sha256:a958bf9d4834c72dee4f91a0476e7837b8a2966dc6fcfc42c421405f98d0da51",
                "sha256:bb370120de6d26004358611441e07acda26840e41dfedc259d7f8cc613f96495",
                "sha256:d0928076d9bd8a98de44e79b1abe50c1456e7abbb40af7ef58092086f1a6c729",
                "sha256:d858423f5ed444d494b15c4cc90a206e1b8c31354c781ac7584da0d21c09c1c3",
                "sha256:e6120d63b50e2248219f53302af7ec6fa2a42ed1f37e9cda2c76dbaca65036a7",
                "sha256:f2b1378b63bdb581d5d7af2ec0373c8d40d651941d283a2afd7fc71184b3f570",
                "sha256:facc6f925c3099ac01a1f03758100772560a0b020fb9d70f210404be08006bcb"
            ],
            "index": "pypi",
            "version": "==1.14.2"
        },
        "palettable": {
            "hashes": [
                "sha256:44c61ea1d1ea4696bb9fa9abd51f4ef1aafc214806dacc6a92adf5e3db26ad53",
                "sha256:4c6f6531b93d97eb0bf4d707160626261de11470c47e2d017ac6bb569b5308aa"
            ],
            "version": "==3.1.0"
        },
        "pillow": {
            "hashes": [
                "sha256:00633bc2ec40313f4daf351855e506d296ec3c553f21b66720d0f1225ca84c6f",
                "sha256:03514478db61b034fc5d38b9bf060f994e5916776e93f02e59732a8270069c61",
                "sha256:040144ba422216aecf7577484865ade90e1a475f867301c48bf9fbd7579efd76",
                "sha256:16246261ff22368e5e32ad74d5ef40403ab6895171a7fc6d34f6c17cfc0f1943",
                "sha256:1cb38df69362af35c14d4a50123b63c7ff18ec9a6d4d5da629a6f19d05e16ba8",
                "sha256:2400e122f7b21d9801798207e424cbe1f716cee7314cd0c8963fdb6fc564b5fb",
                "sha256:2ee6364b270b56a49e8b8a51488e847ab130adc1220c171bed6818c0d4742455",
                "sha256:3b4560c3891b05022c464b09121bd507c477505a4e19d703e1027a3a7c68d896",
                "sha256:41374a6afb3f44794410dab54a0d7175e6209a5a02d407119c81083f1a4c1841",
                "sha256:438a3faf5f702c8d0f80b9f9f9b8382cfa048ca6a0d64ef71b86b563b0ee0359",
                "sha256:472a124c640bde4d5468f6991c9fa7e30b723d84ac4195a77c6ab6aea30f2b9c",
                "sha256:4d32c8e3623a61d6e29ccd024066cd1ba556555abfb4cd714155020e00107e3f",
                "sha256:4d8077fd649ac40a5c4165f2c22fa2a4ad18c668e271ecb2f9d849d1017a9313",
                "sha256:62ec7ae98357fcd46002c110bb7cad15fce532776f0cbe7ca1d44c49b837d49d",
                "sha256:6c7cab6a05351cf61e469937c49dbf3cdf5ffb3eeac71f8d22dc9be3507598d8",
                "sha256:6eca36905444c4b91fe61f1b9933a47a30480738a1dd26501ff67d94fc2bc112",
                "sha256:74e2ebfd19c16c28ad43b8a28ff73b904ed382ea4875188838541751986e8c9a",
                "sha256:7673e7473a13107059377c96c563aa36f73184c29d2926882e0a0210b779a1e7",
                "sha256:81762cf5fca9a82b53b7b2d0e6b420e0f3b06167b97678c81d00470daa622d58",
                "sha256:8554bbeb4218d9cfb1917c69e6f2d2ad0be9b18a775d2162547edf992e1f5f1f",
                "sha256:9b66e968da9c4393f5795285528bc862c7b97b91251f31a08004a3c626d18114",
                "sha256:a00edb2dec0035e98ac3ec768086f0b06dfabb4ad308592ede364ef573692f55",
                "sha256:b48401752496757e95304a46213c3155bc911ac884bed2e9b275ce1c1df3e293",
                "sha256:b6cf18f9e653a8077522bb3aa753a776b117e3e0cc872c25811cfdf1459491c2",
                "sha256:bb8adab1877e9213385cbb1adc297ed8337e01872c42a30cfaa66ff8c422779c",
                "sha256:c8a4b39ba380b57a31a4b5449a9d257b1302d8bc4799767e645dcee25725efe1",
                "sha256:cee9bc75bff455d317b6947081df0824a8f118de2786dc3d74a3503fd631f4ef",
                "sha256:d0dc1313dff48af64517cbbd85e046d6b477fbe5e9d69712801f024dcb08c62b",
                "sha256:d5bf527ed83617edd1855a5c923eeeaf68bcb9ac0ceb28e3f19b575b3a424984",
                "sha256:df5863a21f91de5ecdf7d32a32f406dd9867ebb35d41033b8bd9607a21887599",
                "sha256:e39142332541ed2884c257495504858b22c078a5d781059b07aba4c3a80d7551",
                "sha256:e52e8f675ba0b2b417fa98579e7286a41a8e23871f17f4793772f5aa884fea79",
                "sha256:e6dd55d5d94b9e36929325dd0c9ab85bfde84a5fc35947c334c32af1af668944",
                "sha256:e87cc1acbebf263f308a8494272c2d42016aa33c32bf14d209c81e1f65e11868",
                "sha256:ea0091cd4100519cedfeea2c659f52291f535ac6725e2368bcf59e874f270efa",
                "sha256:eeb247f4f4d962942b3b555530b0c63b77473c7bfe475e51c6b75b7344b49ce3",
                "sha256:f0d4433adce6075efd24fc0285135248b0b50f5a58129c7e552030e04fe45c7f",
                "sha256:f1f3bd92f8e12dc22884935a73c9f94c4d9bd0d34410c456540713d6b7832b8c",
                "sha256:f42a87cbf50e905f49f053c0b1fb86c911c730624022bf44c8857244fc4cdaca",
                "sha256:f5f302db65e2e0ae96e26670818157640d3ca83a3054c290eff3631598dcf819",
                "sha256:f7634d534662bbb08976db801ba27a112aee23e597eeaf09267b4575341e45bf",
                "sha256:fdd374c02e8bb2d6468a85be50ea66e1c4ef9e809974c30d8576728473a6ed03",
                "sha256:fe6931db24716a0845bd8c8915bd096b77c2a7043e6fc59ae9ca364fe816f08b"
            ],
            "version": "==5.1.0"
        },
        "pluggy": {
            "hashes": [
                "sha256:7f8ae7f5bdf75671a718d2daf0a64b7885f74510bcd98b1a0bb420eb9a9d0cff",
                "sha256:d345c8fe681115900d6da8d048ba67c25df42973bda370783cd58826442dcd7c",
                "sha256:e160a7fcf25762bb60efc7e171d4497ff1d8d2d75a3d0df7a21b76821ecbf5c5"
            ],
            "version": "==0.6.0"
        },
        "ply": {
            "hashes": [
                "sha256:00c7c1aaa88358b9c765b6d3000c6eec0ba42abca5351b095321aef446081da3",
                "sha256:096f9b8350b65ebd2fd1346b12452efe5b9607f7482813ffca50c22722a807ce"
            ],
            "version": "==3.11"
        },
        "psycopg2-binary": {
            "hashes": [
                "sha256:02eb674e3d5810e19b4d5d00720b17130e182da1ba259dda608aaf33d787347d",
                "sha256:3a14baeabcebd4662f12f4bff03e0574a2369a2e41baf829e6fb4a24c95cf88b",
                "sha256:436a503eda41f6adb08f292f40a3784fce0a5f351b6ae7b19a911904db53af93",
                "sha256:465ff1d427ed42c31e456dbbd9edab3552be18a0edaef7450c5b3e6fee745052",
                "sha256:4a1a5ea2fa4b53191637b162873a82822d92a85a08beefe28296b8eb5cf2fea5",
                "sha256:4a4f23a08fbccbe40ecdb5384d807bcb469ea71dd87e6be2e80b036b8e6d47df",
                "sha256:77a2fc622a1f2d08a707673c9be5769d521f03d867d305f172bb417fa7882754",
                "sha256:8014c06a9ed7b78ba81beff3ae71acd78c212390f8ed839e9ce22735880bd5b4",
                "sha256:83af04029bcb4b56c852e5876fef71340dcb465fa44fc99f80bac72e10fb0b74",
                "sha256:86c0d2587f56776f25d52cca8e275adf495c8e01933fbfc2ca23b124610ab761",
                "sha256:9305d7cbc802aaefac5c75a3df725f2654797369f32b18d4d0adb382dfab6c09",
                "sha256:9b5ddbed85ec73293695d7116589d956ef0dd3fcf7bf3b2a3bc1e8e54c1d543a",
                "sha256:a3d2cc0cb0b988dbfd0d11f7fac34058b25a6ce533ed5b8e88d6cb315e77d54a",
                "sha256:ab1db8f3e96570d9f7ebc45133ce2574804b2280499baade178e163d022107b5",
                "sha256:b039f51bca1ddd70234cc3f84f94f42ad43861b931bdfb497f887c60c39a6565",
                "sha256:b287ddf4cafcfb632974907d1e7862119e36bb758228bdb07dd247553e4cdfc0",
                "sha256:b6b2b26590304d97ef2af28d153ee99ace6fe0806934f4618edfc87216c77f91",
                "sha256:c4c6004d410c77bfa5389ae9485498ce32805447a67afbfe8db0d247a5c88fa1",
                "sha256:c606bff0978ee4858d86d40f6b6ab0c4cac4474f627bd054683dc03a4fc1a366",
                "sha256:c8220c521a408b41c4f14036004a621ed0d965941286b978cd2ea2623fabd755",
                "sha256:cb07184a4bfad304831f0a88b1c13fbd8cf9fcdf1f11e71c477dd6d7b1b078a0",
                "sha256:cf3911fba0c47fc1313b5783183cda301032b14637a0b7a336766ae46998c7ee",
                "sha256:d0972f062c73956332e9681dfdb133168618f0abfecc96e89f0205ac89cd454b",
                "sha256:d1dd3eb8edd354083f5d27b968c5a17854c41347ba5a480b520be85ec1a8495c",
                "sha256:d51c7ed810fce1e50464088c37cc8da05534de8afb12a732500827ebcc480081",
                "sha256:d8940b5104588d6313315e037f0f5ed68d2e5f62ccc1c429d3cff11d2ba6de3f",
                "sha256:de4f88f823037a71ea5ef3c1041d96b8a68d73343133edda684fd42f575bd9d7"
            ],
            "index": "pypi",
            "version": "==2.7.4"
        },
        "py": {
            "hashes": [
                "sha256:29c9fab495d7528e80ba1e343b958684f4ace687327e6f789a94bf3d1915f881",
                "sha256:983f77f3331356039fdd792e9220b7b8ee1aa6bd2b25f567a963ff1de5a64f6a"
            ],
            "version": "==1.5.3"
        },
        "pyparsing": {
            "hashes": [
                "sha256:0832bcf47acd283788593e7a0f542407bd9550a55a8a8435214a1960e04bcb04",
                "sha256:281683241b25fe9b80ec9d66017485f6deff1af5cde372469134b56ca8447a07",
                "sha256:8f1e18d3fd36c6795bb7e02a39fd05c611ffc2596c1e0d995d34d67630426c18",
                "sha256:9e8143a3e15c13713506886badd96ca4b579a87fbdf49e550dbfc057d6cb218e",
                "sha256:b8b3117ed9bdf45e14dcc89345ce638ec7e0e29b2b579fa1ecf32ce45ebac8a5",
                "sha256:e4d45427c6e20a59bf4f88c639dcc03ce30d193112047f94012102f235853a58",
                "sha256:fee43f17a9c4087e7ed1605bd6df994c6173c1e977d7ade7b651292fab2bd010"
            ],
            "version": "==2.2.0"
        },
        "pyproj": {
            "hashes": [
                "sha256:53fa54c8fa8a1dfcd6af4bf09ce1aae5d4d949da63b90570ac5ec849efaf3ea8"
            ],
            "index": "pypi",
            "version": "==1.9.5.1"
        },
        "pytest": {
            "hashes": [
                "sha256:54713b26c97538db6ff0703a12b19aeaeb60b5e599de542e7fca0ec83b9038e8",
                "sha256:829230122facf05a5f81a6d4dfe6454a04978ea3746853b2b84567ecf8e5c526"
            ],
            "version": "==3.5.1"
        },
        "pytest-django": {
            "hashes": [
                "sha256:534505e0261cc566279032d9d887f844235342806fd63a6925689670fa1b29d7",
                "sha256:7501942093db2250a32a4e36826edfc542347bb9b26c78ed0649cdcfd49e5789"
            ],
            "version": "==3.2.1"
        },
        "python-dateutil": {
            "hashes": [
                "sha256:3220490fb9741e2342e1cf29a503394fdac874bc39568288717ee67047ff29df",
                "sha256:9d8074be4c993fbe4947878ce593052f71dac82932a677d49194d8ce9778002e"
            ],
            "version": "==2.7.2"
        },
        "python-mimeparse": {
            "hashes": [
                "sha256:76e4b03d700a641fd7761d3cd4fdbbdcd787eade1ebfac43f877016328334f78",
                "sha256:a295f03ff20341491bfe4717a39cd0a8cc9afad619ba44b77e86b0ab8a2b8282"
            ],
            "version": "==1.6.0"
        },
        "pytz": {
            "hashes": [
                "sha256:65ae0c8101309c45772196b21b74c46b2e5d11b6275c45d251b150d5da334555",
                "sha256:c06425302f2cf668f1bba7a0a03f3c1d34d4ebeef2c72003da308b3947c7f749"
            ],
            "version": "==2018.4"
        },
        "rasterio": {
            "hashes": [
                "sha256:0bcdb277758abd07705adca3737258235db9cdd69260b209dc89aa21b669e1e6",
                "sha256:47d460326e04c64590ff56952271a184a6307f814efc34fb319c12e690585f3c",
                "sha256:5a72c695108ab0fa2fc25a77291d6ad1de230049fe2de87d6b47af66de439144",
                "sha256:665a22e22242726d6b73a95367d7bcdb0d5bd557d08e0549e0b578bbb9001b16",
                "sha256:6ee4fc6cfe33bab5da66aadf2465713d618a6eb637e6bb671f5f831ff031c007",
                "sha256:aa8a911f73554dd06050ad961d9635910e76e680e0764d82dbbf39d043f683fa",
                "sha256:b02b4021858370286e20d57c02c344e844083006f983e38771759d9ed9af9afc",
                "sha256:bdd0c8d4d7c5d40df2182c633e77899a45c202645dfa2d0309e8eeb57e0164ca",
                "sha256:c0df13d1a0e4cf4a1fed159af85c3e074e41a2cb9b5b981325890427eeac9c42",
                "sha256:cfaf7f51f1c7d36516ba0ed3a92b1fa4e3cbc148901c489553f2887aa8a900c4"
            ],
            "version": "==1.0a12"
        },
        "requests": {
            "hashes": [
                "sha256:6a1b267aa90cac58ac3a765d067950e7dbbf75b1da07e895d1f594193a40a38b",
                "sha256:9c443e7324ba5b85070c4a818ade28bfabedf16ea10206da1132edaa6dda237e"
            ],
            "version": "==2.18.4"
        },
        "shapely": {
            "hashes": [
                "sha256:049e7732c58f8ee143899f9efbf714d8e7e3578443883c95614cfd4891d36502",
                "sha256:13c82c9110e630039163bdcdb9969db4fadd145bcf633fc678fa762b01686e6d",
                "sha256:2222eba7f461f4b3f406b569727561f300ecd57e31e01b49ffd327dc4cbda632",
                "sha256:30df7572d311514802df8dc0e229d1660bc4cbdcf027a8281e79c5fc2fcf02f2",
                "sha256:41850cbfc79de117e3ccbc025b2eb7ee9170c29e65910003828e560ff076fc0d",
                "sha256:592a7821c00ef4e0ae07e952366ad537313ccb7488665dd54b87e6f8eb31ef80",
                "sha256:a0db70e3384f1227bc40e22e9d77db3a54e02b54b48cf6b0c22ddfc0b688542d",
                "sha256:c1f4d74e4c4a5681e77fbee5a7b0599a91ca39a8e260f2839a9a764382994f7f",
                "sha256:cf02668c8633a41782b5244e04d5d0689847ac535cdf2fea66e4cac7dd772895",
                "sha256:e848bf533f0d6cbc336b4cf01dd1aa7873174ba7304a620baa7d663d1d0ce879"
            ],
            "version": "==1.6.4.post1"
        },
        "six": {
            "hashes": [
                "sha256:70e8a77beed4562e7f14fe23a786b54f6296e34344c23bc42f07b15018ff98e9",
                "sha256:832dc0e10feb1aa2c68dcc57dbb658f1c7e65b9b61af69048abc87a2db00a0eb"
            ],
            "version": "==1.11.0"
        },
        "snuggs": {
            "hashes": [
                "sha256:4bea2fcefec819cc8b193d2c74e86ac448d64c3fff9df688220a9e3b2ad5af4f",
                "sha256:e1d3c9364cec1b1b938627ebfc74f040be66711072d3ae754d844b9435f4940c",
                "sha256:ef38fd4400b96f3999c928396102e65d3b0aa2f22bbc2c5fa49e151608368487"
            ],
            "version": "==1.4.1"
        },
        "trefoil": {
            "hashes": [
                "sha256:12724644caf70557c45d89749b44ee30b4668d02213e0ef4249c0ac07ce1ddaa",
                "sha256:d1e0a37ce86bfcca9b70185d26922bd4920f83617d1b8716a15df01ae78b6dbc"
            ],
            "version": "==0.3.0"
        },
        "urllib3": {
            "hashes": [
                "sha256:06330f386d6e4b195fbfc736b297f58c5a892e4440e54d294d7004e3a9bbea1b",
                "sha256:cc44da8e1145637334317feebd728bd869a35285b93cbb4cca2577da7e62db4f"
            ],
            "version": "==1.22"
        },
        "vine": {
            "hashes": [
                "sha256:52116d59bc45392af9fdd3b75ed98ae48a93e822cee21e5fda249105c59a7a72",
                "sha256:6849544be74ec3638e84d90bc1cf2e1e9224cc10d96cd4383ec3f69e9bce077b"
            ],
            "version": "==1.1.4"
        }
    },
    "develop": {}
}
